<?xml version="1.0" encoding="utf-8"?>
<Project ToolsVersion="4.0" xmlns="http://schemas.microsoft.com/developer/msbuild/2003">
  <ItemGroup>
    <Filter Include="Source Files">
      <UniqueIdentifier>{4FC737F1-C7A5-4376-A066-2A32D752A2FF}</UniqueIdentifier>
      <Extensions>cpp;c;cc;cxx;c++;cppm;ixx;def;odl;idl;hpj;bat;asm;asmx</Extensions>
    </Filter>
    <Filter Include="Header Files">
      <UniqueIdentifier>{93995380-89BD-4b04-88EB-625FBE52EBFB}</UniqueIdentifier>
      <Extensions>h;hh;hpp;hxx;h++;hm;inl;inc;ipp;xsd</Extensions>
    </Filter>
    <Filter Include="Resource Files">
      <UniqueIdentifier>{67DA6AB6-F800-4c08-8B7A-83BB121AAD01}</UniqueIdentifier>
      <Extensions>rc;ico;cur;bmp;dlg;rc2;rct;bin;rgs;gif;jpg;jpeg;jpe;resx;tiff;tif;png;wav;mfcribbon-ms</Extensions>
    </Filter>
    <Filter Include="Source Files\Algorithms">
      <UniqueIdentifier>{cde6169b-faaa-4702-9849-710d70fa740a}</UniqueIdentifier>
    </Filter>
    <Filter Include="Header Files\Algorithms">
      <UniqueIdentifier>{3ef69f94-2eae-4b15-9555-11772be560e4}</UniqueIdentifier>
    </Filter>
  </ItemGroup>
  <ItemGroup>
    <ClCompile Include="main.cpp">
      <Filter>Source Files</Filter>
    </ClCompile>
    <ClCompile Include="Algorithm.cpp">
      <Filter>Source Files\Algorithms</Filter>
    </ClCompile>
    <ClCompile Include="AlgorithmChainBuilder.cpp">
      <Filter>Source Files</Filter>
    </ClCompile>
    <ClCompile Include="Configuration.cpp">
      <Filter>Source Files</Filter>
    </ClCompile>
    <ClCompile Include="GreyscaleAlgorithm.cpp">
      <Filter>Source Files\Algorithms</Filter>
    </ClCompile>
    <ClCompile Include="ImageReaderAlgorithm.cpp">
      <Filter>Source Files\Algorithms</Filter>
    </ClCompile>
    <ClCompile Include="IslandRemovalAlgorithm.cpp">
      <Filter>Source Files\Algorithms</Filter>
    </ClCompile>
    <ClCompile Include="TesseractScannerAlgorithm.cpp">
      <Filter>Source Files\Algorithms</Filter>
    </ClCompile>
    <ClCompile Include="ImageResolutionQuery.cpp">
      <Filter>Source Files</Filter>
    </ClCompile>
    <ClCompile Include="ThresholdAlgorithm.cpp">
      <Filter>Source Files\Algorithms</Filter>
    </ClCompile>
    <ClCompile Include="MedianFilterAlgorithm.cpp">
      <Filter>Source Files\Algorithms</Filter>
    </ClCompile>
    <ClCompile Include="TesseractSingleton.cpp">
      <Filter>Source Files</Filter>
    </ClCompile>
    <ClCompile Include="AlgorithmChainProcessor.cpp">
      <Filter>Source Files</Filter>
    </ClCompile>
    <ClCompile Include="ChainProcessingResult.cpp">
      <Filter>Source Files</Filter>
    </ClCompile>
    <ClCompile Include="TrimWhitespaceAlgorithm.cpp">
      <Filter>Source Files\Algorithms</Filter>
    </ClCompile>
    <ClCompile Include="AlgorithmFactory.cpp">
      <Filter>Source Files</Filter>
    </ClCompile>
  </ItemGroup>
  <ItemGroup>
    <ClInclude Include="AlgorithmsEnum.hpp">
      <Filter>Header Files</Filter>
    </ClInclude>
    <ClInclude Include="AlgorithmsParameterEnum.hpp">
      <Filter>Header Files</Filter>
    </ClInclude>
    <ClInclude Include="Algorithm.hpp">
      <Filter>Header Files\Algorithms</Filter>
    </ClInclude>
    <ClInclude Include="AlgorithmChainBuilder.hpp">
      <Filter>Header Files</Filter>
    </ClInclude>
    <ClInclude Include="Configuration.hpp">
      <Filter>Header Files</Filter>
    </ClInclude>
    <ClInclude Include="GreyscaleAlgorithm.hpp">
      <Filter>Header Files\Algorithms</Filter>
    </ClInclude>
    <ClInclude Include="ImageReaderAlgorithm.hpp">
      <Filter>Header Files\Algorithms</Filter>
    </ClInclude>
    <ClInclude Include="IslandRemovalAlgorithm.hpp">
      <Filter>Header Files\Algorithms</Filter>
    </ClInclude>
    <ClInclude Include="TesseractScannerAlgorithm.hpp">
      <Filter>Header Files\Algorithms</Filter>
    </ClInclude>
    <ClInclude Include="ImageResolutionQuery.hpp">
      <Filter>Header Files</Filter>
    </ClInclude>
    <ClInclude Include="ThresholdAlgorithm.hpp">
      <Filter>Header Files\Algorithms</Filter>
    </ClInclude>
    <ClInclude Include="MedianFilterAlgorithm.hpp">
      <Filter>Header Files\Algorithms</Filter>
    </ClInclude>
    <ClInclude Include="TesseractSingleton.hpp">
      <Filter>Header Files</Filter>
    </ClInclude>
    <ClInclude Include="AlgorithmChainProcessor.hpp">
      <Filter>Header Files</Filter>
    </ClInclude>
    <ClInclude Include="ChainProcessingResult.hpp">
      <Filter>Header Files</Filter>
    </ClInclude>
    <ClInclude Include="TrimWhitespaceAlgorithm.hpp">
      <Filter>Header Files\Algorithms</Filter>
    </ClInclude>
    <ClInclude Include="AlgorithmFactory.hpp">
      <Filter>Header Files</Filter>
    </ClInclude>
  </ItemGroup>
</Project>